
Microsoft Visual Studio Solution File, Format Version 12.00
# Visual Studio 14
VisualStudioVersion = 14.0.25123.0
MinimumVisualStudioVersion = 10.0.40219.1
Project("{2150E333-8FDC-42A3-9474-1A3956D46DE8}") = "src", "src", "{9888E5E9-E2CB-4075-8BB4-DAC9476678AF}"
EndProject
Project("{FAE04EC0-301F-11D3-BF4B-00C04F79EFBC}") = "JordanHall.IbmClassifierService", "src\JordanHall.IbmClassifierService\JordanHall.IbmClassifierService.csproj", "{AB91DB40-37B3-45F4-BB88-DC347E4A8D25}"
EndProject
Project("{2150E333-8FDC-42A3-9474-1A3956D46DE8}") = "Solution Items", "Solution Items", "{7EE54343-81DD-4F11-AAC2-2CA1ED78EC00}"
	ProjectSection(SolutionItems) = preProject
		src\JordanHall.Core.HttpClient\global.json = src\JordanHall.Core.HttpClient\global.json
	EndProjectSection
EndProject
Project("{FAE04EC0-301F-11D3-BF4B-00C04F79EFBC}") = "JordanHall.Core.HttpClientFactory", "src\JordanHall.Core.HttpClientFactory\JordanHall.Core.HttpClientFactory.csproj", "{0B82CB4A-74B1-48A9-AD88-DF0D3FDCC23C}"
EndProject
Project("{FAE04EC0-301F-11D3-BF4B-00C04F79EFBC}") = "ExtensionMethods", "ExtensionMethods\ExtensionMethods.csproj", "{D8617A26-3607-46A3-BB6F-AD332CEA52A4}"
EndProject
Global
	GlobalSection(SolutionConfigurationPlatforms) = preSolution
		Debug|Any CPU = Debug|Any CPU
		Release|Any CPU = Release|Any CPU
	EndGlobalSection
	GlobalSection(ProjectConfigurationPlatforms) = postSolution
		{AB91DB40-37B3-45F4-BB88-DC347E4A8D25}.Debug|Any CPU.ActiveCfg = Debug|Any CPU
		{AB91DB40-37B3-45F4-BB88-DC347E4A8D25}.Debug|Any CPU.Build.0 = Debug|Any CPU
		{AB91DB40-37B3-45F4-BB88-DC347E4A8D25}.Release|Any CPU.ActiveCfg = Release|Any CPU
		{AB91DB40-37B3-45F4-BB88-DC347E4A8D25}.Release|Any CPU.Build.0 = Release|Any CPU
		{0B82CB4A-74B1-48A9-AD88-DF0D3FDCC23C}.Debug|Any CPU.ActiveCfg = Debug|Any CPU
		{0B82CB4A-74B1-48A9-AD88-DF0D3FDCC23C}.Debug|Any CPU.Build.0 = Debug|Any CPU
		{0B82CB4A-74B1-48A9-AD88-DF0D3FDCC23C}.Release|Any CPU.ActiveCfg = Release|Any CPU
		{0B82CB4A-74B1-48A9-AD88-DF0D3FDCC23C}.Release|Any CPU.Build.0 = Release|Any CPU
		{D8617A26-3607-46A3-BB6F-AD332CEA52A4}.Debug|Any CPU.ActiveCfg = Debug|Any CPU
		{D8617A26-3607-46A3-BB6F-AD332CEA52A4}.Debug|Any CPU.Build.0 = Debug|Any CPU
		{D8617A26-3607-46A3-BB6F-AD332CEA52A4}.Release|Any CPU.ActiveCfg = Release|Any CPU
		{D8617A26-3607-46A3-BB6F-AD332CEA52A4}.Release|Any CPU.Build.0 = Release|Any CPU
	EndGlobalSection
	GlobalSection(SolutionProperties) = preSolution
		HideSolutionNode = FALSE
	EndGlobalSection
	GlobalSection(NestedProjects) = preSolution
		{AB91DB40-37B3-45F4-BB88-DC347E4A8D25} = {9888E5E9-E2CB-4075-8BB4-DAC9476678AF}
		{0B82CB4A-74B1-48A9-AD88-DF0D3FDCC23C} = {9888E5E9-E2CB-4075-8BB4-DAC9476678AF}
		{D8617A26-3607-46A3-BB6F-AD332CEA52A4} = {9888E5E9-E2CB-4075-8BB4-DAC9476678AF}
	EndGlobalSection
EndGlobal
